
Microsoft Visual Studio Solution File, Format Version 12.00
# Visual Studio Version 16
VisualStudioVersion = 16.0.29519.87
MinimumVisualStudioVersion = 10.0.40219.1
Project("{FAE04EC0-301F-11D3-BF4B-00C04F79EFBC}") = "GrayCat.Server", "GrayCat.Server\GrayCat.Server.csproj", "{F8955422-2ECB-45CC-9548-9103578C06A9}"
EndProject
Project("{FAE04EC0-301F-11D3-BF4B-00C04F79EFBC}") = "Gali", "Gali\Gali.csproj", "{57F2A0CA-71EA-435D-8270-4E9280263480}"
EndProject
Global
	GlobalSection(SolutionConfigurationPlatforms) = preSolution
		Debug|Any CPU = Debug|Any CPU
		Release|Any CPU = Release|Any CPU
	EndGlobalSection
	GlobalSection(ProjectConfigurationPlatforms) = postSolution
		{F8955422-2ECB-45CC-9548-9103578C06A9}.Debug|Any CPU.ActiveCfg = Debug|Any CPU
		{F8955422-2ECB-45CC-9548-9103578C06A9}.Debug|Any CPU.Build.0 = Debug|Any CPU
		{F8955422-2ECB-45CC-9548-9103578C06A9}.Release|Any CPU.ActiveCfg = Release|Any CPU
		{F8955422-2ECB-45CC-9548-9103578C06A9}.Release|Any CPU.Build.0 = Release|Any CPU
		{57F2A0CA-71EA-435D-8270-4E9280263480}.Debug|Any CPU.ActiveCfg = Debug|Any CPU
		{57F2A0CA-71EA-435D-8270-4E9280263480}.Debug|Any CPU.Build.0 = Debug|Any CPU
		{57F2A0CA-71EA-435D-8270-4E9280263480}.Release|Any CPU.ActiveCfg = Release|Any CPU
		{57F2A0CA-71EA-435D-8270-4E9280263480}.Release|Any CPU.Build.0 = Release|Any CPU
	EndGlobalSection
	GlobalSection(SolutionProperties) = preSolution
		HideSolutionNode = FALSE
	EndGlobalSection
	GlobalSection(ExtensibilityGlobals) = postSolution
		SolutionGuid = {1FA03FD1-50CA-4B29-9C35-C28EADD6545A}
	EndGlobalSection
EndGlobal
